
Microsoft Visual Studio Solution File, Format Version 12.00
# Visual Studio Version 17
VisualStudioVersion = 17.1.32319.34
MinimumVisualStudioVersion = 10.0.40219.1
Project("{FAE04EC0-301F-11D3-BF4B-00C04F79EFBC}") = "Calculator", "Calculator\Calculator.csproj", "{97936F2A-8681-44A1-AB72-73FAFCC8F44D}"
EndProject
Global
	GlobalSection(SolutionConfigurationPlatforms) = preSolution
		Debug|Any CPU = Debug|Any CPU
		Release|Any CPU = Release|Any CPU
	EndGlobalSection
	GlobalSection(ProjectConfigurationPlatforms) = postSolution
		{97936F2A-8681-44A1-AB72-73FAFCC8F44D}.Debug|Any CPU.ActiveCfg = Debug|Any CPU
		{97936F2A-8681-44A1-AB72-73FAFCC8F44D}.Debug|Any CPU.Build.0 = Debug|Any CPU
		{97936F2A-8681-44A1-AB72-73FAFCC8F44D}.Release|Any CPU.ActiveCfg = Release|Any CPU
		{97936F2A-8681-44A1-AB72-73FAFCC8F44D}.Release|Any CPU.Build.0 = Release|Any CPU
	EndGlobalSection
	GlobalSection(SolutionProperties) = preSolution
		HideSolutionNode = FALSE
	EndGlobalSection
	GlobalSection(ExtensibilityGlobals) = postSolution
		SolutionGuid = {710D52EC-466D-4DB6-8B35-3EE2E0990949}
	EndGlobalSection
EndGlobal
